
Microsoft Visual Studio Solution File, Format Version 12.00
# Visual Studio Version 17
VisualStudioVersion = 17.8.34322.80
MinimumVisualStudioVersion = 10.0.40219.1
Project("{FAE04EC0-301F-11D3-BF4B-00C04F79EFBC}") = "PlayListApp", "PlayListApp\PlayListApp.csproj", "{455B7A52-4E15-4DBB-AC06-3FB80BB1FE69}"
EndProject
Global
	GlobalSection(SolutionConfigurationPlatforms) = preSolution
		Debug|Any CPU = Debug|Any CPU
		Release|Any CPU = Release|Any CPU
	EndGlobalSection
	GlobalSection(ProjectConfigurationPlatforms) = postSolution
		{455B7A52-4E15-4DBB-AC06-3FB80BB1FE69}.Debug|Any CPU.ActiveCfg = Debug|Any CPU
		{455B7A52-4E15-4DBB-AC06-3FB80BB1FE69}.Debug|Any CPU.Build.0 = Debug|Any CPU
		{455B7A52-4E15-4DBB-AC06-3FB80BB1FE69}.Release|Any CPU.ActiveCfg = Release|Any CPU
		{455B7A52-4E15-4DBB-AC06-3FB80BB1FE69}.Release|Any CPU.Build.0 = Release|Any CPU
	EndGlobalSection
	GlobalSection(SolutionProperties) = preSolution
		HideSolutionNode = FALSE
	EndGlobalSection
	GlobalSection(ExtensibilityGlobals) = postSolution
		SolutionGuid = {ADB27790-9B55-4FEE-AD1A-DA98441928B7}
	EndGlobalSection
EndGlobal
